
Microsoft Visual Studio Solution File, Format Version 12.00
# Visual Studio Version 17
VisualStudioVersion = 17.0.31903.59
MinimumVisualStudioVersion = 10.0.40219.1
Project("{FAE04EC0-301F-11D3-BF4B-00C04F79EFBC}") = "ChessReview.Domain", "ChessReview.Domain\ChessReview.Domain.csproj", "{8F08630D-3139-4F48-A1C7-FBD3340A7661}"
EndProject
Project("{FAE04EC0-301F-11D3-BF4B-00C04F79EFBC}") = "ChessReview.Infrastructure", "ChessReview.Infrastructure\ChessReview.Infrastructure.csproj", "{D0576CC0-9AC4-461E-8429-07766AA04CC9}"
EndProject
Project("{FAE04EC0-301F-11D3-BF4B-00C04F79EFBC}") = "ChessReview.ExplanationWorker", "ChessReview.ExplanationWorker\ChessReview.ExplanationWorker.csproj", "{5ABEF7DF-A657-4E74-9DE6-926091806591}"
EndProject
Project("{FAE04EC0-301F-11D3-BF4B-00C04F79EFBC}") = "ChessReview.Api", "ChessReview.Api\ChessReview.Api.csproj", "{E9A076A0-BA94-49F6-AFD1-696E2928BC32}"
EndProject
Project("{2150E333-8FDC-42A3-9474-1A3956D46DE8}") = "tests", "tests", "{0AB3BF05-4346-4AA6-1389-037BE0695223}"
EndProject
Project("{FAE04EC0-301F-11D3-BF4B-00C04F79EFBC}") = "ChessReview.Domain.Tests", "ChessReview.Domain.Tests\ChessReview.Domain.Tests.csproj", "{23352DA5-A969-4381-968D-13183A3947F3}"
EndProject
Project("{FAE04EC0-301F-11D3-BF4B-00C04F79EFBC}") = "ChessReview.Api.Tests", "ChessReview.Api.Tests\ChessReview.Api.Tests.csproj", "{18799DCB-DE3A-46FF-9F8B-361B4DA34AE4}"
EndProject
Global
	GlobalSection(SolutionConfigurationPlatforms) = preSolution
		Debug|Any CPU = Debug|Any CPU
		Debug|x64 = Debug|x64
		Debug|x86 = Debug|x86
		Release|Any CPU = Release|Any CPU
		Release|x64 = Release|x64
		Release|x86 = Release|x86
	EndGlobalSection
	GlobalSection(ProjectConfigurationPlatforms) = postSolution
		{8F08630D-3139-4F48-A1C7-FBD3340A7661}.Debug|Any CPU.ActiveCfg = Debug|Any CPU
		{8F08630D-3139-4F48-A1C7-FBD3340A7661}.Debug|Any CPU.Build.0 = Debug|Any CPU
		{8F08630D-3139-4F48-A1C7-FBD3340A7661}.Debug|x64.ActiveCfg = Debug|Any CPU
		{8F08630D-3139-4F48-A1C7-FBD3340A7661}.Debug|x64.Build.0 = Debug|Any CPU
		{8F08630D-3139-4F48-A1C7-FBD3340A7661}.Debug|x86.ActiveCfg = Debug|Any CPU
		{8F08630D-3139-4F48-A1C7-FBD3340A7661}.Debug|x86.Build.0 = Debug|Any CPU
		{8F08630D-3139-4F48-A1C7-FBD3340A7661}.Release|Any CPU.ActiveCfg = Release|Any CPU
		{8F08630D-3139-4F48-A1C7-FBD3340A7661}.Release|Any CPU.Build.0 = Release|Any CPU
		{8F08630D-3139-4F48-A1C7-FBD3340A7661}.Release|x64.ActiveCfg = Release|Any CPU
		{8F08630D-3139-4F48-A1C7-FBD3340A7661}.Release|x64.Build.0 = Release|Any CPU
		{8F08630D-3139-4F48-A1C7-FBD3340A7661}.Release|x86.ActiveCfg = Release|Any CPU
		{8F08630D-3139-4F48-A1C7-FBD3340A7661}.Release|x86.Build.0 = Release|Any CPU
		{D0576CC0-9AC4-461E-8429-07766AA04CC9}.Debug|Any CPU.ActiveCfg = Debug|Any CPU
		{D0576CC0-9AC4-461E-8429-07766AA04CC9}.Debug|Any CPU.Build.0 = Debug|Any CPU
		{D0576CC0-9AC4-461E-8429-07766AA04CC9}.Debug|x64.ActiveCfg = Debug|Any CPU
		{D0576CC0-9AC4-461E-8429-07766AA04CC9}.Debug|x64.Build.0 = Debug|Any CPU
		{D0576CC0-9AC4-461E-8429-07766AA04CC9}.Debug|x86.ActiveCfg = Debug|Any CPU
		{D0576CC0-9AC4-461E-8429-07766AA04CC9}.Debug|x86.Build.0 = Debug|Any CPU
		{D0576CC0-9AC4-461E-8429-07766AA04CC9}.Release|Any CPU.ActiveCfg = Release|Any CPU
		{D0576CC0-9AC4-461E-8429-07766AA04CC9}.Release|Any CPU.Build.0 = Release|Any CPU
		{D0576CC0-9AC4-461E-8429-07766AA04CC9}.Release|x64.ActiveCfg = Release|Any CPU
		{D0576CC0-9AC4-461E-8429-07766AA04CC9}.Release|x64.Build.0 = Release|Any CPU
		{D0576CC0-9AC4-461E-8429-07766AA04CC9}.Release|x86.ActiveCfg = Release|Any CPU
		{D0576CC0-9AC4-461E-8429-07766AA04CC9}.Release|x86.Build.0 = Release|Any CPU
		{5ABEF7DF-A657-4E74-9DE6-926091806591}.Debug|Any CPU.ActiveCfg = Debug|Any CPU
		{5ABEF7DF-A657-4E74-9DE6-926091806591}.Debug|Any CPU.Build.0 = Debug|Any CPU
		{5ABEF7DF-A657-4E74-9DE6-926091806591}.Debug|x64.ActiveCfg = Debug|Any CPU
		{5ABEF7DF-A657-4E74-9DE6-926091806591}.Debug|x64.Build.0 = Debug|Any CPU
		{5ABEF7DF-A657-4E74-9DE6-926091806591}.Debug|x86.ActiveCfg = Debug|Any CPU
		{5ABEF7DF-A657-4E74-9DE6-926091806591}.Debug|x86.Build.0 = Debug|Any CPU
		{5ABEF7DF-A657-4E74-9DE6-926091806591}.Release|Any CPU.ActiveCfg = Release|Any CPU
		{5ABEF7DF-A657-4E74-9DE6-926091806591}.Release|Any CPU.Build.0 = Release|Any CPU
		{5ABEF7DF-A657-4E74-9DE6-926091806591}.Release|x64.ActiveCfg = Release|Any CPU
		{5ABEF7DF-A657-4E74-9DE6-926091806591}.Release|x64.Build.0 = Release|Any CPU
		{5ABEF7DF-A657-4E74-9DE6-926091806591}.Release|x86.ActiveCfg = Release|Any CPU
		{5ABEF7DF-A657-4E74-9DE6-926091806591}.Release|x86.Build.0 = Release|Any CPU
		{E9A076A0-BA94-49F6-AFD1-696E2928BC32}.Debug|Any CPU.ActiveCfg = Debug|Any CPU
		{E9A076A0-BA94-49F6-AFD1-696E2928BC32}.Debug|Any CPU.Build.0 = Debug|Any CPU
		{E9A076A0-BA94-49F6-AFD1-696E2928BC32}.Debug|x64.ActiveCfg = Debug|Any CPU
		{E9A076A0-BA94-49F6-AFD1-696E2928BC32}.Debug|x64.Build.0 = Debug|Any CPU
		{E9A076A0-BA94-49F6-AFD1-696E2928BC32}.Debug|x86.ActiveCfg = Debug|Any CPU
		{E9A076A0-BA94-49F6-AFD1-696E2928BC32}.Debug|x86.Build.0 = Debug|Any CPU
		{E9A076A0-BA94-49F6-AFD1-696E2928BC32}.Release|Any CPU.ActiveCfg = Release|Any CPU
		{E9A076A0-BA94-49F6-AFD1-696E2928BC32}.Release|Any CPU.Build.0 = Release|Any CPU
		{E9A076A0-BA94-49F6-AFD1-696E2928BC32}.Release|x64.ActiveCfg = Release|Any CPU
		{E9A076A0-BA94-49F6-AFD1-696E2928BC32}.Release|x64.Build.0 = Release|Any CPU
		{E9A076A0-BA94-49F6-AFD1-696E2928BC32}.Release|x86.ActiveCfg = Release|Any CPU
		{E9A076A0-BA94-49F6-AFD1-696E2928BC32}.Release|x86.Build.0 = Release|Any CPU
		{23352DA5-A969-4381-968D-13183A3947F3}.Debug|Any CPU.ActiveCfg = Debug|Any CPU
		{23352DA5-A969-4381-968D-13183A3947F3}.Debug|Any CPU.Build.0 = Debug|Any CPU
		{23352DA5-A969-4381-968D-13183A3947F3}.Debug|x64.ActiveCfg = Debug|Any CPU
		{23352DA5-A969-4381-968D-13183A3947F3}.Debug|x64.Build.0 = Debug|Any CPU
		{23352DA5-A969-4381-968D-13183A3947F3}.Debug|x86.ActiveCfg = Debug|Any CPU
		{23352DA5-A969-4381-968D-13183A3947F3}.Debug|x86.Build.0 = Debug|Any CPU
		{23352DA5-A969-4381-968D-13183A3947F3}.Release|Any CPU.ActiveCfg = Release|Any CPU
		{23352DA5-A969-4381-968D-13183A3947F3}.Release|Any CPU.Build.0 = Release|Any CPU
		{23352DA5-A969-4381-968D-13183A3947F3}.Release|x64.ActiveCfg = Release|Any CPU
		{23352DA5-A969-4381-968D-13183A3947F3}.Release|x64.Build.0 = Release|Any CPU
		{23352DA5-A969-4381-968D-13183A3947F3}.Release|x86.ActiveCfg = Release|Any CPU
		{23352DA5-A969-4381-968D-13183A3947F3}.Release|x86.Build.0 = Release|Any CPU
		{18799DCB-DE3A-46FF-9F8B-361B4DA34AE4}.Debug|Any CPU.ActiveCfg = Debug|Any CPU
		{18799DCB-DE3A-46FF-9F8B-361B4DA34AE4}.Debug|Any CPU.Build.0 = Debug|Any CPU
		{18799DCB-DE3A-46FF-9F8B-361B4DA34AE4}.Debug|x64.ActiveCfg = Debug|Any CPU
		{18799DCB-DE3A-46FF-9F8B-361B4DA34AE4}.Debug|x64.Build.0 = Debug|Any CPU
		{18799DCB-DE3A-46FF-9F8B-361B4DA34AE4}.Debug|x86.ActiveCfg = Debug|Any CPU
		{18799DCB-DE3A-46FF-9F8B-361B4DA34AE4}.Debug|x86.Build.0 = Debug|Any CPU
		{18799DCB-DE3A-46FF-9F8B-361B4DA34AE4}.Release|Any CPU.ActiveCfg = Release|Any CPU
		{18799DCB-DE3A-46FF-9F8B-361B4DA34AE4}.Release|Any CPU.Build.0 = Release|Any CPU
		{18799DCB-DE3A-46FF-9F8B-361B4DA34AE4}.Release|x64.ActiveCfg = Release|Any CPU
		{18799DCB-DE3A-46FF-9F8B-361B4DA34AE4}.Release|x64.Build.0 = Release|Any CPU
		{18799DCB-DE3A-46FF-9F8B-361B4DA34AE4}.Release|x86.ActiveCfg = Release|Any CPU
		{18799DCB-DE3A-46FF-9F8B-361B4DA34AE4}.Release|x86.Build.0 = Release|Any CPU
	EndGlobalSection
	GlobalSection(SolutionProperties) = preSolution
		HideSolutionNode = FALSE
	EndGlobalSection
	GlobalSection(NestedProjects) = preSolution
		{23352DA5-A969-4381-968D-13183A3947F3} = {0AB3BF05-4346-4AA6-1389-037BE0695223}
		{18799DCB-DE3A-46FF-9F8B-361B4DA34AE4} = {0AB3BF05-4346-4AA6-1389-037BE0695223}
	EndGlobalSection
EndGlobal
